
Microsoft Visual Studio Solution File, Format Version 12.00
# Visual Studio Version 17
VisualStudioVersion = 17.6.33829.357
MinimumVisualStudioVersion = 10.0.40219.1
Project("{FAE04EC0-301F-11D3-BF4B-00C04F79EFBC}") = "KevinMaduProject2", "KevinMaduProject2\KevinMaduProject2.csproj", "{31D2E17F-FAE1-48D9-99B1-8CB17996DA98}"
EndProject
Global
	GlobalSection(SolutionConfigurationPlatforms) = preSolution
		Debug|Any CPU = Debug|Any CPU
		Release|Any CPU = Release|Any CPU
	EndGlobalSection
	GlobalSection(ProjectConfigurationPlatforms) = postSolution
		{31D2E17F-FAE1-48D9-99B1-8CB17996DA98}.Debug|Any CPU.ActiveCfg = Debug|Any CPU
		{31D2E17F-FAE1-48D9-99B1-8CB17996DA98}.Debug|Any CPU.Build.0 = Debug|Any CPU
		{31D2E17F-FAE1-48D9-99B1-8CB17996DA98}.Release|Any CPU.ActiveCfg = Release|Any CPU
		{31D2E17F-FAE1-48D9-99B1-8CB17996DA98}.Release|Any CPU.Build.0 = Release|Any CPU
	EndGlobalSection
	GlobalSection(SolutionProperties) = preSolution
		HideSolutionNode = FALSE
	EndGlobalSection
	GlobalSection(ExtensibilityGlobals) = postSolution
		SolutionGuid = {F8A40474-746A-49FB-8E8C-D3E95F7ED37F}
	EndGlobalSection
EndGlobal
